{
    "name": "typescript-template",
    "version": "1.0.0",
    "lockfileVersion": 1,
    "requires": true,
    "dependencies": {
        "@types/fs-extra": {
            "version": "8.1.2",
            "resolved": "https://registry.npmjs.org/@types/fs-extra/-/fs-extra-8.1.2.tgz",
            "integrity": "sha512-SvSrYXfWSc7R4eqnOzbQF4TZmfpNSM9FrSWLU3EUnWBuyZqNBOrv1B1JA3byUDPUl9z4Ab3jeZG2eDdySlgNMg==",
            "dev": true,
            "requires": {
                "@types/node": "*"
            }
        },
        "@types/lodash": {
            "version": "4.14.172",
            "resolved": "https://registry.npmjs.org/@types/lodash/-/lodash-4.14.172.tgz",
            "integrity": "sha512-/BHF5HAx3em7/KkzVKm3LrsD6HZAXuXO1AJZQ3cRRBZj4oHZDviWPYu0aEplAqDFNHZPW6d3G7KN+ONcCCC7pw==",
            "dev": true
        },
        "@types/node": {
            "version": "15.14.9",
            "resolved": "https://registry.npmjs.org/@types/node/-/node-15.14.9.tgz",
            "integrity": "sha512-qjd88DrCxupx/kJD5yQgZdcYKZKSIGBVDIBE1/LTGcNm3d2Np/jxojkdePDdfnBHJc5W7vSMpbJ1aB7p/Py69A==",
            "dev": true
        },
        "at-least-node": {
            "version": "1.0.0",
            "resolved": "https://registry.npmjs.org/at-least-node/-/at-least-node-1.0.0.tgz",
            "integrity": "sha512-+q/t7Ekv1EDY2l6Gda6LLiX14rU9TV20Wa3ofeQmwPFZbOMo9DXrLbOjFaaclkXKWidIaopwAObQDqwWtGUjqg=="
        },
        "fs-extra": {
            "version": "9.1.0",
            "resolved": "https://registry.npmjs.org/fs-extra/-/fs-extra-9.1.0.tgz",
            "integrity": "sha512-hcg3ZmepS30/7BSFqRvoo3DOMQu7IjqxO5nCDt+zM9XWjb33Wg7ziNT+Qvqbuc3+gWpzO02JubVyk2G4Zvo1OQ==",
            "requires": {
                "at-least-node": "^1.0.0",
                "graceful-fs": "^4.2.0",
                "jsonfile": "^6.0.1",
                "universalify": "^2.0.0"
            }
        },
        "graceful-fs": {
            "version": "4.2.8",
            "resolved": "https://registry.npmjs.org/graceful-fs/-/graceful-fs-4.2.8.tgz",
            "integrity": "sha512-qkIilPUYcNhJpd33n0GBXTB1MMPp14TxEsEs0pTrsSVucApsYzW5V+Q8Qxhik6KU3evy+qkAAowTByymK0avdg=="
        },
        "jsonfile": {
            "version": "6.1.0",
            "resolved": "https://registry.npmjs.org/jsonfile/-/jsonfile-6.1.0.tgz",
            "integrity": "sha512-5dgndWOriYSm5cnYaJNhalLNDKOqFwyDB/rr1E9ZsGciGvKPs8R2xYGCacuf3z6K1YKDz182fd+fY3cn3pMqXQ==",
            "requires": {
                "graceful-fs": "^4.1.6",
                "universalify": "^2.0.0"
            }
        },
        "lodash": {
            "version": "4.17.21",
            "resolved": "https://registry.npmjs.org/lodash/-/lodash-4.17.21.tgz",
            "integrity": "sha512-v2kDEe57lecTulaDIuNTPy3Ry4gLGJ6Z1O3vE1krgXZNrsQ+LFTGHVxVjcXPs17LhbZVGedAJv8XZ1tvj5FvSg=="
        },
        "prettier": {
            "version": "2.0.2",
            "resolved": "https://registry.npmjs.org/prettier/-/prettier-2.0.2.tgz",
            "integrity": "sha512-5xJQIPT8BraI7ZnaDwSbu5zLrB6vvi8hVV58yHQ+QK64qrY40dULy0HSRlQ2/2IdzeBpjhDkqdcFBnFeDEMVdg==",
            "dev": true
        },
        "typescript": {
            "version": "3.9.10",
            "resolved": "https://registry.npmjs.org/typescript/-/typescript-3.9.10.tgz",
            "integrity": "sha512-w6fIxVE/H1PkLKcCPsFqKE7Kv7QUwhU8qQY2MueZXWx5cPZdwFupLgKK3vntcK98BtNHZtAF4LA/yl2a7k8R6Q==",
            "dev": true
        },
        "universalify": {
            "version": "2.0.0",
            "resolved": "https://registry.npmjs.org/universalify/-/universalify-2.0.0.tgz",
            "integrity": "sha512-hAZsKq7Yy11Zu1DE0OzWjw7nnLZmJZYTDZZyEFHZdUhV8FkH5MCfoU1XMaxXovpyW5nq5scPqq0ZDP9Zyl04oQ=="
        }
    }
}
